
Microsoft Visual Studio Solution File, Format Version 12.00
# Visual Studio Version 16
VisualStudioVersion = 16.0.30523.141
MinimumVisualStudioVersion = 10.0.40219.1
Project("{8BC9CEB8-8B4A-11D0-8D11-00A0C91BC942}") = "AccesModifier", "AccesModifier\AccesModifier.vcxproj", "{28DD315C-44CA-4294-A3F1-DAB62F0A998B}"
EndProject
Global
	GlobalSection(SolutionConfigurationPlatforms) = preSolution
		Debug|x64 = Debug|x64
		Debug|x86 = Debug|x86
		Release|x64 = Release|x64
		Release|x86 = Release|x86
	EndGlobalSection
	GlobalSection(ProjectConfigurationPlatforms) = postSolution
		{28DD315C-44CA-4294-A3F1-DAB62F0A998B}.Debug|x64.ActiveCfg = Debug|x64
		{28DD315C-44CA-4294-A3F1-DAB62F0A998B}.Debug|x64.Build.0 = Debug|x64
		{28DD315C-44CA-4294-A3F1-DAB62F0A998B}.Debug|x86.ActiveCfg = Debug|Win32
		{28DD315C-44CA-4294-A3F1-DAB62F0A998B}.Debug|x86.Build.0 = Debug|Win32
		{28DD315C-44CA-4294-A3F1-DAB62F0A998B}.Release|x64.ActiveCfg = Release|x64
		{28DD315C-44CA-4294-A3F1-DAB62F0A998B}.Release|x64.Build.0 = Release|x64
		{28DD315C-44CA-4294-A3F1-DAB62F0A998B}.Release|x86.ActiveCfg = Release|Win32
		{28DD315C-44CA-4294-A3F1-DAB62F0A998B}.Release|x86.Build.0 = Release|Win32
	EndGlobalSection
	GlobalSection(SolutionProperties) = preSolution
		HideSolutionNode = FALSE
	EndGlobalSection
	GlobalSection(ExtensibilityGlobals) = postSolution
		SolutionGuid = {069733D1-AA27-4F9D-B899-7D9A448AFA8B}
	EndGlobalSection
EndGlobal
