
Microsoft Visual Studio Solution File, Format Version 12.00
# Visual Studio Version 16
VisualStudioVersion = 16.0.30523.141
MinimumVisualStudioVersion = 10.0.40219.1
Project("{8BC9CEB8-8B4A-11D0-8D11-00A0C91BC942}") = "RedefiningBaseClassMethods", "RedefiningBaseClassMethods.vcxproj", "{3DAA42B9-E613-4401-90B1-472BBB7010DA}"
EndProject
Global
	GlobalSection(SolutionConfigurationPlatforms) = preSolution
		Debug|x64 = Debug|x64
		Debug|x86 = Debug|x86
		Release|x64 = Release|x64
		Release|x86 = Release|x86
	EndGlobalSection
	GlobalSection(ProjectConfigurationPlatforms) = postSolution
		{3DAA42B9-E613-4401-90B1-472BBB7010DA}.Debug|x64.ActiveCfg = Debug|x64
		{3DAA42B9-E613-4401-90B1-472BBB7010DA}.Debug|x64.Build.0 = Debug|x64
		{3DAA42B9-E613-4401-90B1-472BBB7010DA}.Debug|x86.ActiveCfg = Debug|Win32
		{3DAA42B9-E613-4401-90B1-472BBB7010DA}.Debug|x86.Build.0 = Debug|Win32
		{3DAA42B9-E613-4401-90B1-472BBB7010DA}.Release|x64.ActiveCfg = Release|x64
		{3DAA42B9-E613-4401-90B1-472BBB7010DA}.Release|x64.Build.0 = Release|x64
		{3DAA42B9-E613-4401-90B1-472BBB7010DA}.Release|x86.ActiveCfg = Release|Win32
		{3DAA42B9-E613-4401-90B1-472BBB7010DA}.Release|x86.Build.0 = Release|Win32
	EndGlobalSection
	GlobalSection(SolutionProperties) = preSolution
		HideSolutionNode = FALSE
	EndGlobalSection
	GlobalSection(ExtensibilityGlobals) = postSolution
		SolutionGuid = {51F1BCC9-5EF9-4311-9A4B-1D995323354D}
	EndGlobalSection
EndGlobal
